// !$*UTF8*$!
{
	archiveVersion = 1;
	classes = {
	};
	objectVersion = 46;
	objects = {

/* Begin PBXBuildFile section */
		4A9A77F61A9777EE003AA02E /* ABBlueprint.m in Sources */ = {isa = PBXBuildFile; fileRef = 4A9A77F51A9777EE003AA02E /* ABBlueprint.m */; };
		4A9A77FD1A981082003AA02E /* ABCharacter.m in Sources */ = {isa = PBXBuildFile; fileRef = 4A9A77FC1A981082003AA02E /* ABCharacter.m */; };
		4A9A78001A98117D003AA02E /* ABCharacterCoodinator.m in Sources */ = {isa = PBXBuildFile; fileRef = 4A9A77FF1A98117D003AA02E /* ABCharacterCoodinator.m */; };
		4A9A78041A981478003AA02E /* ABBallBlueprint.m in Sources */ = {isa = PBXBuildFile; fileRef = 4A9A78031A981478003AA02E /* ABBallBlueprint.m */; };
		4A9A78071A9814C4003AA02E /* ABTableBlueprint.m in Sources */ = {isa = PBXBuildFile; fileRef = 4A9A78061A9814C4003AA02E /* ABTableBlueprint.m */; };
		4A9A780A1A9827E2003AA02E /* ABHoleBlueprint.m in Sources */ = {isa = PBXBuildFile; fileRef = 4A9A78091A9827E2003AA02E /* ABHoleBlueprint.m */; };
		4A9A780D1A9828A7003AA02E /* ABWormholeBlueprint.m in Sources */ = {isa = PBXBuildFile; fileRef = 4A9A780C1A9828A7003AA02E /* ABWormholeBlueprint.m */; };
		4A9A78111A983710003AA02E /* ABBallCharacter.m in Sources */ = {isa = PBXBuildFile; fileRef = 4A9A78101A983710003AA02E /* ABBallCharacter.m */; };
		4A9A78141A983725003AA02E /* ABTableCharacter.m in Sources */ = {isa = PBXBuildFile; fileRef = 4A9A78131A983725003AA02E /* ABTableCharacter.m */; };
		4A9A78161A98B17C003AA02E /* ABBallBlueprint.sks in Resources */ = {isa = PBXBuildFile; fileRef = 4A9A78151A98B17C003AA02E /* ABBallBlueprint.sks */; };
		4A9A781C1A98B88F003AA02E /* SKNode+ABUtil.m in Sources */ = {isa = PBXBuildFile; fileRef = 4A9A781B1A98B88F003AA02E /* SKNode+ABUtil.m */; };
		4A9A78231A997262003AA02E /* ABTableSideBlueprint.m in Sources */ = {isa = PBXBuildFile; fileRef = 4A9A78221A997262003AA02E /* ABTableSideBlueprint.m */; };
		4A9A78261A997280003AA02E /* ABTableSideBlueprint.sks in Resources */ = {isa = PBXBuildFile; fileRef = 4A9A78251A997280003AA02E /* ABTableSideBlueprint.sks */; };
		4ADD9CC51A8C4BA500E2A5F1 /* ABScene.m in Sources */ = {isa = PBXBuildFile; fileRef = 4ADD9CC41A8C4BA500E2A5F1 /* ABScene.m */; };
		4ADF90CF1A8B02B30074B478 /* main.m in Sources */ = {isa = PBXBuildFile; fileRef = 4ADF90CE1A8B02B30074B478 /* main.m */; };
		4ADF90D21A8B02B30074B478 /* AppDelegate.m in Sources */ = {isa = PBXBuildFile; fileRef = 4ADF90D11A8B02B30074B478 /* AppDelegate.m */; };
		4ADF90EE1A8B02B30074B478 /* ABallTests.m in Sources */ = {isa = PBXBuildFile; fileRef = 4ADF90ED1A8B02B30074B478 /* ABallTests.m */; };
		4ADF90FF1A8B04560074B478 /* Images.xcassets in Resources */ = {isa = PBXBuildFile; fileRef = 4ADF90FE1A8B04560074B478 /* Images.xcassets */; };
		4ADF91051A8B384D0074B478 /* NSObject+Singleton.m in Sources */ = {isa = PBXBuildFile; fileRef = 4ADF91041A8B384D0074B478 /* NSObject+Singleton.m */; };
		4ADF911E1A8B4CDB0074B478 /* LaunchScreen.xib in Resources */ = {isa = PBXBuildFile; fileRef = 4ADF911D1A8B4CDB0074B478 /* LaunchScreen.xib */; };
		4ADF91211A8B4E770074B478 /* ABRootViewController.m in Sources */ = {isa = PBXBuildFile; fileRef = 4ADF91201A8B4E770074B478 /* ABRootViewController.m */; };
		4ADF91251A8B4EBC0074B478 /* ABSceneViewController.m in Sources */ = {isa = PBXBuildFile; fileRef = 4ADF91241A8B4EBC0074B478 /* ABSceneViewController.m */; };
		4ADF912A1A8B4EF30074B478 /* ABRootScene.m in Sources */ = {isa = PBXBuildFile; fileRef = 4ADF91281A8B4EF30074B478 /* ABRootScene.m */; };
		4ADF912B1A8B4EF30074B478 /* ABRootScene.sks in Resources */ = {isa = PBXBuildFile; fileRef = 4ADF91291A8B4EF30074B478 /* ABRootScene.sks */; };
		4AF7623B1AA5593000677F68 /* liblibOpen.a in Frameworks */ = {isa = PBXBuildFile; fileRef = 4AF7623A1AA5593000677F68 /* liblibOpen.a */; settings = {ATTRIBUTES = (Required, ); }; };
/* End PBXBuildFile section */

/* Begin PBXContainerItemProxy section */
		4ADF90E81A8B02B30074B478 /* PBXContainerItemProxy */ = {
			isa = PBXContainerItemProxy;
			containerPortal = 4ADF90C11A8B02B30074B478 /* Project object */;
			proxyType = 1;
			remoteGlobalIDString = 4ADF90C81A8B02B30074B478;
			remoteInfo = ABall;
		};
/* End PBXContainerItemProxy section */

/* Begin PBXFileReference section */
		4A9A77F41A9777EE003AA02E /* ABBlueprint.h */ = {isa = PBXFileReference; fileEncoding = 4; lastKnownFileType = sourcecode.c.h; path = ABBlueprint.h; sourceTree = "<group>"; };
		4A9A77F51A9777EE003AA02E /* ABBlueprint.m */ = {isa = PBXFileReference; fileEncoding = 4; lastKnownFileType = sourcecode.c.objc; path = ABBlueprint.m; sourceTree = "<group>"; };
		4A9A77FB1A981082003AA02E /* ABCharacter.h */ = {isa = PBXFileReference; fileEncoding = 4; lastKnownFileType = sourcecode.c.h; path = ABCharacter.h; sourceTree = "<group>"; };
		4A9A77FC1A981082003AA02E /* ABCharacter.m */ = {isa = PBXFileReference; fileEncoding = 4; lastKnownFileType = sourcecode.c.objc; path = ABCharacter.m; sourceTree = "<group>"; };
		4A9A77FE1A98117D003AA02E /* ABCharacterCoodinator.h */ = {isa = PBXFileReference; fileEncoding = 4; lastKnownFileType = sourcecode.c.h; path = ABCharacterCoodinator.h; sourceTree = "<group>"; };
		4A9A77FF1A98117D003AA02E /* ABCharacterCoodinator.m */ = {isa = PBXFileReference; fileEncoding = 4; lastKnownFileType = sourcecode.c.objc; path = ABCharacterCoodinator.m; sourceTree = "<group>"; };
		4A9A78021A981478003AA02E /* ABBallBlueprint.h */ = {isa = PBXFileReference; fileEncoding = 4; lastKnownFileType = sourcecode.c.h; path = ABBallBlueprint.h; sourceTree = "<group>"; };
		4A9A78031A981478003AA02E /* ABBallBlueprint.m */ = {isa = PBXFileReference; fileEncoding = 4; lastKnownFileType = sourcecode.c.objc; path = ABBallBlueprint.m; sourceTree = "<group>"; };
		4A9A78051A9814C4003AA02E /* ABTableBlueprint.h */ = {isa = PBXFileReference; fileEncoding = 4; lastKnownFileType = sourcecode.c.h; path = ABTableBlueprint.h; sourceTree = "<group>"; };
		4A9A78061A9814C4003AA02E /* ABTableBlueprint.m */ = {isa = PBXFileReference; fileEncoding = 4; lastKnownFileType = sourcecode.c.objc; path = ABTableBlueprint.m; sourceTree = "<group>"; };
		4A9A78081A9827E2003AA02E /* ABHoleBlueprint.h */ = {isa = PBXFileReference; fileEncoding = 4; lastKnownFileType = sourcecode.c.h; path = ABHoleBlueprint.h; sourceTree = "<group>"; };
		4A9A78091A9827E2003AA02E /* ABHoleBlueprint.m */ = {isa = PBXFileReference; fileEncoding = 4; lastKnownFileType = sourcecode.c.objc; path = ABHoleBlueprint.m; sourceTree = "<group>"; };
		4A9A780B1A9828A7003AA02E /* ABWormholeBlueprint.h */ = {isa = PBXFileReference; fileEncoding = 4; lastKnownFileType = sourcecode.c.h; path = ABWormholeBlueprint.h; sourceTree = "<group>"; };
		4A9A780C1A9828A7003AA02E /* ABWormholeBlueprint.m */ = {isa = PBXFileReference; fileEncoding = 4; lastKnownFileType = sourcecode.c.objc; path = ABWormholeBlueprint.m; sourceTree = "<group>"; };
		4A9A780F1A983710003AA02E /* ABBallCharacter.h */ = {isa = PBXFileReference; fileEncoding = 4; lastKnownFileType = sourcecode.c.h; path = ABBallCharacter.h; sourceTree = "<group>"; };
		4A9A78101A983710003AA02E /* ABBallCharacter.m */ = {isa = PBXFileReference; fileEncoding = 4; lastKnownFileType = sourcecode.c.objc; path = ABBallCharacter.m; sourceTree = "<group>"; };
		4A9A78121A983725003AA02E /* ABTableCharacter.h */ = {isa = PBXFileReference; fileEncoding = 4; lastKnownFileType = sourcecode.c.h; path = ABTableCharacter.h; sourceTree = "<group>"; };
		4A9A78131A983725003AA02E /* ABTableCharacter.m */ = {isa = PBXFileReference; fileEncoding = 4; lastKnownFileType = sourcecode.c.objc; path = ABTableCharacter.m; sourceTree = "<group>"; };
		4A9A78151A98B17C003AA02E /* ABBallBlueprint.sks */ = {isa = PBXFileReference; lastKnownFileType = file.sks; path = ABBallBlueprint.sks; sourceTree = "<group>"; };
		4A9A781A1A98B88F003AA02E /* SKNode+ABUtil.h */ = {isa = PBXFileReference; fileEncoding = 4; lastKnownFileType = sourcecode.c.h; path = "SKNode+ABUtil.h"; sourceTree = "<group>"; };
		4A9A781B1A98B88F003AA02E /* SKNode+ABUtil.m */ = {isa = PBXFileReference; fileEncoding = 4; lastKnownFileType = sourcecode.c.objc; path = "SKNode+ABUtil.m"; sourceTree = "<group>"; };
		4A9A781D1A98CC1D003AA02E /* ABMacro.h */ = {isa = PBXFileReference; fileEncoding = 4; lastKnownFileType = sourcecode.c.h; path = ABMacro.h; sourceTree = "<group>"; };
		4A9A78211A997262003AA02E /* ABTableSideBlueprint.h */ = {isa = PBXFileReference; fileEncoding = 4; lastKnownFileType = sourcecode.c.h; path = ABTableSideBlueprint.h; sourceTree = "<group>"; };
		4A9A78221A997262003AA02E /* ABTableSideBlueprint.m */ = {isa = PBXFileReference; fileEncoding = 4; lastKnownFileType = sourcecode.c.objc; path = ABTableSideBlueprint.m; sourceTree = "<group>"; };
		4A9A78251A997280003AA02E /* ABTableSideBlueprint.sks */ = {isa = PBXFileReference; lastKnownFileType = file.sks; path = ABTableSideBlueprint.sks; sourceTree = "<group>"; };
		4ADD9CC31A8C4BA500E2A5F1 /* ABScene.h */ = {isa = PBXFileReference; fileEncoding = 4; lastKnownFileType = sourcecode.c.h; path = ABScene.h; sourceTree = "<group>"; };
		4ADD9CC41A8C4BA500E2A5F1 /* ABScene.m */ = {isa = PBXFileReference; fileEncoding = 4; lastKnownFileType = sourcecode.c.objc; path = ABScene.m; sourceTree = "<group>"; };
		4ADF90C91A8B02B30074B478 /* ABall.app */ = {isa = PBXFileReference; explicitFileType = wrapper.application; includeInIndex = 0; path = ABall.app; sourceTree = BUILT_PRODUCTS_DIR; };
		4ADF90CD1A8B02B30074B478 /* Info.plist */ = {isa = PBXFileReference; lastKnownFileType = text.plist.xml; path = Info.plist; sourceTree = "<group>"; };
		4ADF90CE1A8B02B30074B478 /* main.m */ = {isa = PBXFileReference; lastKnownFileType = sourcecode.c.objc; path = main.m; sourceTree = "<group>"; };
		4ADF90D01A8B02B30074B478 /* AppDelegate.h */ = {isa = PBXFileReference; lastKnownFileType = sourcecode.c.h; path = AppDelegate.h; sourceTree = "<group>"; };
		4ADF90D11A8B02B30074B478 /* AppDelegate.m */ = {isa = PBXFileReference; lastKnownFileType = sourcecode.c.objc; path = AppDelegate.m; sourceTree = "<group>"; };
		4ADF90E71A8B02B30074B478 /* ABallTests.xctest */ = {isa = PBXFileReference; explicitFileType = wrapper.cfbundle; includeInIndex = 0; path = ABallTests.xctest; sourceTree = BUILT_PRODUCTS_DIR; };
		4ADF90EC1A8B02B30074B478 /* Info.plist */ = {isa = PBXFileReference; lastKnownFileType = text.plist.xml; path = Info.plist; sourceTree = "<group>"; };
		4ADF90ED1A8B02B30074B478 /* ABallTests.m */ = {isa = PBXFileReference; lastKnownFileType = sourcecode.c.objc; path = ABallTests.m; sourceTree = "<group>"; };
		4ADF90FE1A8B04560074B478 /* Images.xcassets */ = {isa = PBXFileReference; lastKnownFileType = folder.assetcatalog; path = Images.xcassets; sourceTree = "<group>"; };
		4ADF91031A8B384D0074B478 /* NSObject+Singleton.h */ = {isa = PBXFileReference; fileEncoding = 4; lastKnownFileType = sourcecode.c.h; path = "NSObject+Singleton.h"; sourceTree = "<group>"; };
		4ADF91041A8B384D0074B478 /* NSObject+Singleton.m */ = {isa = PBXFileReference; fileEncoding = 4; lastKnownFileType = sourcecode.c.objc; path = "NSObject+Singleton.m"; sourceTree = "<group>"; };
		4ADF91181A8B45150074B478 /* Prefix.pch */ = {isa = PBXFileReference; fileEncoding = 4; lastKnownFileType = sourcecode.c.h; path = Prefix.pch; sourceTree = "<group>"; };
		4ADF911D1A8B4CDB0074B478 /* LaunchScreen.xib */ = {isa = PBXFileReference; fileEncoding = 4; lastKnownFileType = file.xib; path = LaunchScreen.xib; sourceTree = "<group>"; };
		4ADF911F1A8B4E770074B478 /* ABRootViewController.h */ = {isa = PBXFileReference; fileEncoding = 4; lastKnownFileType = sourcecode.c.h; path = ABRootViewController.h; sourceTree = "<group>"; };
		4ADF91201A8B4E770074B478 /* ABRootViewController.m */ = {isa = PBXFileReference; fileEncoding = 4; lastKnownFileType = sourcecode.c.objc; path = ABRootViewController.m; sourceTree = "<group>"; };
		4ADF91231A8B4EBC0074B478 /* ABSceneViewController.h */ = {isa = PBXFileReference; fileEncoding = 4; lastKnownFileType = sourcecode.c.h; path = ABSceneViewController.h; sourceTree = "<group>"; };
		4ADF91241A8B4EBC0074B478 /* ABSceneViewController.m */ = {isa = PBXFileReference; fileEncoding = 4; lastKnownFileType = sourcecode.c.objc; path = ABSceneViewController.m; sourceTree = "<group>"; };
		4ADF91271A8B4EF30074B478 /* ABRootScene.h */ = {isa = PBXFileReference; fileEncoding = 4; lastKnownFileType = sourcecode.c.h; path = ABRootScene.h; sourceTree = "<group>"; };
		4ADF91281A8B4EF30074B478 /* ABRootScene.m */ = {isa = PBXFileReference; fileEncoding = 4; lastKnownFileType = sourcecode.c.objc; path = ABRootScene.m; sourceTree = "<group>"; };
		4ADF91291A8B4EF30074B478 /* ABRootScene.sks */ = {isa = PBXFileReference; lastKnownFileType = file.sks; path = ABRootScene.sks; sourceTree = "<group>"; };
		4AF7623A1AA5593000677F68 /* liblibOpen.a */ = {isa = PBXFileReference; lastKnownFileType = archive.ar; name = liblibOpen.a; path = "../libOpen/build/Debug-iphoneos/liblibOpen.a"; sourceTree = "<group>"; };
/* End PBXFileReference section */

/* Begin PBXFrameworksBuildPhase section */
		4ADF90C61A8B02B30074B478 /* Frameworks */ = {
			isa = PBXFrameworksBuildPhase;
			buildActionMask = 2147483647;
			files = (
				4AF7623B1AA5593000677F68 /* liblibOpen.a in Frameworks */,
			);
			runOnlyForDeploymentPostprocessing = 0;
		};
		4ADF90E41A8B02B30074B478 /* Frameworks */ = {
			isa = PBXFrameworksBuildPhase;
			buildActionMask = 2147483647;
			files = (
			);
			runOnlyForDeploymentPostprocessing = 0;
		};
/* End PBXFrameworksBuildPhase section */

/* Begin PBXGroup section */
		4A9A78011A981456003AA02E /* Blueprints */ = {
			isa = PBXGroup;
			children = (
				4A9A78021A981478003AA02E /* ABBallBlueprint.h */,
				4A9A78031A981478003AA02E /* ABBallBlueprint.m */,
				4A9A78151A98B17C003AA02E /* ABBallBlueprint.sks */,
				4A9A78051A9814C4003AA02E /* ABTableBlueprint.h */,
				4A9A78061A9814C4003AA02E /* ABTableBlueprint.m */,
				4A9A78081A9827E2003AA02E /* ABHoleBlueprint.h */,
				4A9A78091A9827E2003AA02E /* ABHoleBlueprint.m */,
				4A9A780B1A9828A7003AA02E /* ABWormholeBlueprint.h */,
				4A9A780C1A9828A7003AA02E /* ABWormholeBlueprint.m */,
				4A9A78211A997262003AA02E /* ABTableSideBlueprint.h */,
				4A9A78221A997262003AA02E /* ABTableSideBlueprint.m */,
				4A9A78251A997280003AA02E /* ABTableSideBlueprint.sks */,
			);
			path = Blueprints;
			sourceTree = "<group>";
		};
		4A9A780E1A9836F4003AA02E /* Characters */ = {
			isa = PBXGroup;
			children = (
				4A9A780F1A983710003AA02E /* ABBallCharacter.h */,
				4A9A78101A983710003AA02E /* ABBallCharacter.m */,
				4A9A78121A983725003AA02E /* ABTableCharacter.h */,
				4A9A78131A983725003AA02E /* ABTableCharacter.m */,
			);
			path = Characters;
			sourceTree = "<group>";
		};
		4ADF90C01A8B02B30074B478 = {
			isa = PBXGroup;
			children = (
				4ADF90CB1A8B02B30074B478 /* ABall */,
				4ADF90FD1A8B04560074B478 /* Resources */,
				4ADF91221A8B4EBC0074B478 /* Shared */,
				4ADF91011A8B384D0074B478 /* Shared3rd */,
				4ADF90EA1A8B02B30074B478 /* ABallTests */,
				4ADF90CA1A8B02B30074B478 /* Products */,
				4AF7623A1AA5593000677F68 /* liblibOpen.a */,
			);
			sourceTree = "<group>";
		};
		4ADF90CA1A8B02B30074B478 /* Products */ = {
			isa = PBXGroup;
			children = (
				4ADF90C91A8B02B30074B478 /* ABall.app */,
				4ADF90E71A8B02B30074B478 /* ABallTests.xctest */,
			);
			name = Products;
			sourceTree = "<group>";
		};
		4ADF90CB1A8B02B30074B478 /* ABall */ = {
			isa = PBXGroup;
			children = (
				4A9A780E1A9836F4003AA02E /* Characters */,
				4A9A78011A981456003AA02E /* Blueprints */,
				4ADF91261A8B4EF30074B478 /* Scenes */,
				4ADF911F1A8B4E770074B478 /* ABRootViewController.h */,
				4ADF91201A8B4E770074B478 /* ABRootViewController.m */,
				4ADF90CC1A8B02B30074B478 /* Supporting Files */,
			);
			path = ABall;
			sourceTree = "<group>";
		};
		4ADF90CC1A8B02B30074B478 /* Supporting Files */ = {
			isa = PBXGroup;
			children = (
				4ADF90D01A8B02B30074B478 /* AppDelegate.h */,
				4ADF90D11A8B02B30074B478 /* AppDelegate.m */,
				4ADF91181A8B45150074B478 /* Prefix.pch */,
				4ADF90CD1A8B02B30074B478 /* Info.plist */,
				4ADF90CE1A8B02B30074B478 /* main.m */,
			);
			name = "Supporting Files";
			sourceTree = "<group>";
		};
		4ADF90EA1A8B02B30074B478 /* ABallTests */ = {
			isa = PBXGroup;
			children = (
				4ADF90ED1A8B02B30074B478 /* ABallTests.m */,
				4ADF90EB1A8B02B30074B478 /* Supporting Files */,
			);
			path = ABallTests;
			sourceTree = "<group>";
		};
		4ADF90EB1A8B02B30074B478 /* Supporting Files */ = {
			isa = PBXGroup;
			children = (
				4ADF90EC1A8B02B30074B478 /* Info.plist */,
			);
			name = "Supporting Files";
			sourceTree = "<group>";
		};
		4ADF90FD1A8B04560074B478 /* Resources */ = {
			isa = PBXGroup;
			children = (
				4ADF911D1A8B4CDB0074B478 /* LaunchScreen.xib */,
				4ADF90FE1A8B04560074B478 /* Images.xcassets */,
			);
			path = Resources;
			sourceTree = "<group>";
		};
		4ADF91011A8B384D0074B478 /* Shared3rd */ = {
			isa = PBXGroup;
			children = (
				4ADF91021A8B384D0074B478 /* NSObject+Singleton */,
			);
			path = Shared3rd;
			sourceTree = "<group>";
		};
		4ADF91021A8B384D0074B478 /* NSObject+Singleton */ = {
			isa = PBXGroup;
			children = (
				4ADF91031A8B384D0074B478 /* NSObject+Singleton.h */,
				4ADF91041A8B384D0074B478 /* NSObject+Singleton.m */,
			);
			path = "NSObject+Singleton";
			sourceTree = "<group>";
		};
		4ADF91221A8B4EBC0074B478 /* Shared */ = {
			isa = PBXGroup;
			children = (
				4ADF91231A8B4EBC0074B478 /* ABSceneViewController.h */,
				4ADF91241A8B4EBC0074B478 /* ABSceneViewController.m */,
				4ADD9CC31A8C4BA500E2A5F1 /* ABScene.h */,
				4ADD9CC41A8C4BA500E2A5F1 /* ABScene.m */,
				4A9A77F41A9777EE003AA02E /* ABBlueprint.h */,
				4A9A77F51A9777EE003AA02E /* ABBlueprint.m */,
				4A9A77FE1A98117D003AA02E /* ABCharacterCoodinator.h */,
				4A9A77FF1A98117D003AA02E /* ABCharacterCoodinator.m */,
				4A9A77FB1A981082003AA02E /* ABCharacter.h */,
				4A9A77FC1A981082003AA02E /* ABCharacter.m */,
				4A9A781A1A98B88F003AA02E /* SKNode+ABUtil.h */,
				4A9A781B1A98B88F003AA02E /* SKNode+ABUtil.m */,
				4A9A781D1A98CC1D003AA02E /* ABMacro.h */,
			);
			path = Shared;
			sourceTree = "<group>";
		};
		4ADF91261A8B4EF30074B478 /* Scenes */ = {
			isa = PBXGroup;
			children = (
				4ADF91271A8B4EF30074B478 /* ABRootScene.h */,
				4ADF91281A8B4EF30074B478 /* ABRootScene.m */,
				4ADF91291A8B4EF30074B478 /* ABRootScene.sks */,
			);
			path = Scenes;
			sourceTree = "<group>";
		};
/* End PBXGroup section */

/* Begin PBXNativeTarget section */
		4ADF90C81A8B02B30074B478 /* ABall */ = {
			isa = PBXNativeTarget;
			buildConfigurationList = 4ADF90F11A8B02B30074B478 /* Build configuration list for PBXNativeTarget "ABall" */;
			buildPhases = (
				4ADF90C51A8B02B30074B478 /* Sources */,
				4ADF90C61A8B02B30074B478 /* Frameworks */,
				4ADF90FB1A8B034F0074B478 /* Increase Build Number */,
				4ADF90C71A8B02B30074B478 /* Resources */,
			);
			buildRules = (
			);
			dependencies = (
			);
			name = ABall;
			productName = ABall;
			productReference = 4ADF90C91A8B02B30074B478 /* ABall.app */;
			productType = "com.apple.product-type.application";
		};
		4ADF90E61A8B02B30074B478 /* ABallTests */ = {
			isa = PBXNativeTarget;
			buildConfigurationList = 4ADF90F41A8B02B30074B478 /* Build configuration list for PBXNativeTarget "ABallTests" */;
			buildPhases = (
				4ADF90E31A8B02B30074B478 /* Sources */,
				4ADF90E41A8B02B30074B478 /* Frameworks */,
				4ADF90E51A8B02B30074B478 /* Resources */,
			);
			buildRules = (
			);
			dependencies = (
				4ADF90E91A8B02B30074B478 /* PBXTargetDependency */,
			);
			name = ABallTests;
			productName = ABallTests;
			productReference = 4ADF90E71A8B02B30074B478 /* ABallTests.xctest */;
			productType = "com.apple.product-type.bundle.unit-test";
		};
/* End PBXNativeTarget section */

/* Begin PBXProject section */
		4ADF90C11A8B02B30074B478 /* Project object */ = {
			isa = PBXProject;
			attributes = {
				LastUpgradeCheck = 0610;
				ORGANIZATIONNAME = t;
				TargetAttributes = {
					4ADF90C81A8B02B30074B478 = {
						CreatedOnToolsVersion = 6.1.1;
						DevelopmentTeam = LWV4GYPE98;
					};
					4ADF90E61A8B02B30074B478 = {
						CreatedOnToolsVersion = 6.1.1;
						TestTargetID = 4ADF90C81A8B02B30074B478;
					};
				};
			};
			buildConfigurationList = 4ADF90C41A8B02B30074B478 /* Build configuration list for PBXProject "ABall" */;
			compatibilityVersion = "Xcode 3.2";
			developmentRegion = English;
			hasScannedForEncodings = 0;
			knownRegions = (
				en,
				Base,
			);
			mainGroup = 4ADF90C01A8B02B30074B478;
			productRefGroup = 4ADF90CA1A8B02B30074B478 /* Products */;
			projectDirPath = "";
			projectRoot = "";
			targets = (
				4ADF90C81A8B02B30074B478 /* ABall */,
				4ADF90E61A8B02B30074B478 /* ABallTests */,
			);
		};
/* End PBXProject section */

/* Begin PBXResourcesBuildPhase section */
		4ADF90C71A8B02B30074B478 /* Resources */ = {
			isa = PBXResourcesBuildPhase;
			buildActionMask = 2147483647;
			files = (
				4ADF90FF1A8B04560074B478 /* Images.xcassets in Resources */,
				4A9A78261A997280003AA02E /* ABTableSideBlueprint.sks in Resources */,
				4ADF912B1A8B4EF30074B478 /* ABRootScene.sks in Resources */,
				4A9A78161A98B17C003AA02E /* ABBallBlueprint.sks in Resources */,
				4ADF911E1A8B4CDB0074B478 /* LaunchScreen.xib in Resources */,
			);
			runOnlyForDeploymentPostprocessing = 0;
		};
		4ADF90E51A8B02B30074B478 /* Resources */ = {
			isa = PBXResourcesBuildPhase;
			buildActionMask = 2147483647;
			files = (
			);
			runOnlyForDeploymentPostprocessing = 0;
		};
/* End PBXResourcesBuildPhase section */

/* Begin PBXShellScriptBuildPhase section */
		4ADF90FB1A8B034F0074B478 /* Increase Build Number */ = {
			isa = PBXShellScriptBuildPhase;
			buildActionMask = 2147483647;
			files = (
			);
			inputPaths = (
			);
			name = "Increase Build Number";
			outputPaths = (
			);
			runOnlyForDeploymentPostprocessing = 0;
			shellPath = /bin/sh;
			shellScript = "buildNumber=$(/usr/libexec/PlistBuddy -c \"Print CFBundleVersion\" \"${INFOPLIST_FILE}\")\nbuildNumber=$(($buildNumber + 1))\n/usr/libexec/PlistBuddy -c \"Set :CFBundleVersion $buildNumber\" \"${INFOPLIST_FILE}\"";
		};
/* End PBXShellScriptBuildPhase section */

/* Begin PBXSourcesBuildPhase section */
		4ADF90C51A8B02B30074B478 /* Sources */ = {
			isa = PBXSourcesBuildPhase;
			buildActionMask = 2147483647;
			files = (
				4A9A781C1A98B88F003AA02E /* SKNode+ABUtil.m in Sources */,
				4A9A78111A983710003AA02E /* ABBallCharacter.m in Sources */,
				4A9A78231A997262003AA02E /* ABTableSideBlueprint.m in Sources */,
				4ADF91211A8B4E770074B478 /* ABRootViewController.m in Sources */,
				4ADF90D21A8B02B30074B478 /* AppDelegate.m in Sources */,
				4ADF91051A8B384D0074B478 /* NSObject+Singleton.m in Sources */,
				4ADF91251A8B4EBC0074B478 /* ABSceneViewController.m in Sources */,
				4A9A78141A983725003AA02E /* ABTableCharacter.m in Sources */,
				4ADD9CC51A8C4BA500E2A5F1 /* ABScene.m in Sources */,
				4A9A78071A9814C4003AA02E /* ABTableBlueprint.m in Sources */,
				4A9A780A1A9827E2003AA02E /* ABHoleBlueprint.m in Sources */,
				4ADF912A1A8B4EF30074B478 /* ABRootScene.m in Sources */,
				4ADF90CF1A8B02B30074B478 /* main.m in Sources */,
				4A9A78001A98117D003AA02E /* ABCharacterCoodinator.m in Sources */,
				4A9A77FD1A981082003AA02E /* ABCharacter.m in Sources */,
				4A9A78041A981478003AA02E /* ABBallBlueprint.m in Sources */,
				4A9A77F61A9777EE003AA02E /* ABBlueprint.m in Sources */,
				4A9A780D1A9828A7003AA02E /* ABWormholeBlueprint.m in Sources */,
			);
			runOnlyForDeploymentPostprocessing = 0;
		};
		4ADF90E31A8B02B30074B478 /* Sources */ = {
			isa = PBXSourcesBuildPhase;
			buildActionMask = 2147483647;
			files = (
				4ADF90EE1A8B02B30074B478 /* ABallTests.m in Sources */,
			);
			runOnlyForDeploymentPostprocessing = 0;
		};
/* End PBXSourcesBuildPhase section */

/* Begin PBXTargetDependency section */
		4ADF90E91A8B02B30074B478 /* PBXTargetDependency */ = {
			isa = PBXTargetDependency;
			target = 4ADF90C81A8B02B30074B478 /* ABall */;
			targetProxy = 4ADF90E81A8B02B30074B478 /* PBXContainerItemProxy */;
		};
/* End PBXTargetDependency section */

/* Begin XCBuildConfiguration section */
		4ADF90EF1A8B02B30074B478 /* Debug */ = {
			isa = XCBuildConfiguration;
			buildSettings = {
				ALWAYS_SEARCH_USER_PATHS = NO;
				CLANG_CXX_LANGUAGE_STANDARD = "gnu++0x";
				CLANG_CXX_LIBRARY = "libc++";
				CLANG_ENABLE_MODULES = YES;
				CLANG_ENABLE_OBJC_ARC = YES;
				CLANG_WARN_BOOL_CONVERSION = YES;
				CLANG_WARN_CONSTANT_CONVERSION = YES;
				CLANG_WARN_DIRECT_OBJC_ISA_USAGE = YES_ERROR;
				CLANG_WARN_EMPTY_BODY = YES;
				CLANG_WARN_ENUM_CONVERSION = YES;
				CLANG_WARN_INT_CONVERSION = YES;
				CLANG_WARN_OBJC_ROOT_CLASS = YES_ERROR;
				CLANG_WARN_UNREACHABLE_CODE = YES;
				CLANG_WARN__DUPLICATE_METHOD_MATCH = YES;
				"CODE_SIGN_IDENTITY[sdk=iphoneos*]" = "iPhone Developer";
				COPY_PHASE_STRIP = NO;
				ENABLE_STRICT_OBJC_MSGSEND = YES;
				GCC_C_LANGUAGE_STANDARD = gnu99;
				GCC_DYNAMIC_NO_PIC = NO;
				GCC_OPTIMIZATION_LEVEL = 0;
				GCC_PREPROCESSOR_DEFINITIONS = (
					"DEBUG=1",
					"$(inherited)",
				);
				GCC_SYMBOLS_PRIVATE_EXTERN = NO;
				GCC_WARN_64_TO_32_BIT_CONVERSION = YES;
				GCC_WARN_ABOUT_RETURN_TYPE = YES_ERROR;
				GCC_WARN_UNDECLARED_SELECTOR = YES;
				GCC_WARN_UNINITIALIZED_AUTOS = YES_AGGRESSIVE;
				GCC_WARN_UNUSED_FUNCTION = YES;
				GCC_WARN_UNUSED_VARIABLE = YES;
				IPHONEOS_DEPLOYMENT_TARGET = 8.1;
				MTL_ENABLE_DEBUG_INFO = YES;
				ONLY_ACTIVE_ARCH = YES;
				SDKROOT = iphoneos;
			};
			name = Debug;
		};
		4ADF90F01A8B02B30074B478 /* Release */ = {
			isa = XCBuildConfiguration;
			buildSettings = {
				ALWAYS_SEARCH_USER_PATHS = NO;
				CLANG_CXX_LANGUAGE_STANDARD = "gnu++0x";
				CLANG_CXX_LIBRARY = "libc++";
				CLANG_ENABLE_MODULES = YES;
				CLANG_ENABLE_OBJC_ARC = YES;
				CLANG_WARN_BOOL_CONVERSION = YES;
				CLANG_WARN_CONSTANT_CONVERSION = YES;
				CLANG_WARN_DIRECT_OBJC_ISA_USAGE = YES_ERROR;
				CLANG_WARN_EMPTY_BODY = YES;
				CLANG_WARN_ENUM_CONVERSION = YES;
				CLANG_WARN_INT_CONVERSION = YES;
				CLANG_WARN_OBJC_ROOT_CLASS = YES_ERROR;
				CLANG_WARN_UNREACHABLE_CODE = YES;
				CLANG_WARN__DUPLICATE_METHOD_MATCH = YES;
				"CODE_SIGN_IDENTITY[sdk=iphoneos*]" = "iPhone Developer";
				COPY_PHASE_STRIP = YES;
				ENABLE_NS_ASSERTIONS = NO;
				ENABLE_STRICT_OBJC_MSGSEND = YES;
				GCC_C_LANGUAGE_STANDARD = gnu99;
				GCC_WARN_64_TO_32_BIT_CONVERSION = YES;
				GCC_WARN_ABOUT_RETURN_TYPE = YES_ERROR;
				GCC_WARN_UNDECLARED_SELECTOR = YES;
				GCC_WARN_UNINITIALIZED_AUTOS = YES_AGGRESSIVE;
				GCC_WARN_UNUSED_FUNCTION = YES;
				GCC_WARN_UNUSED_VARIABLE = YES;
				IPHONEOS_DEPLOYMENT_TARGET = 8.1;
				MTL_ENABLE_DEBUG_INFO = NO;
				SDKROOT = iphoneos;
				VALIDATE_PRODUCT = YES;
			};
			name = Release;
		};
		4ADF90F21A8B02B30074B478 /* Debug */ = {
			isa = XCBuildConfiguration;
			buildSettings = {
				ASSETCATALOG_COMPILER_APPICON_NAME = AppIcon;
				CODE_SIGN_IDENTITY = "iPhone Developer: Yunfei Tao (QQ89P4EVX2)";
				"CODE_SIGN_IDENTITY[sdk=iphoneos*]" = "iPhone Developer: Yunfei Tao (QQ89P4EVX2)";
				GCC_PRECOMPILE_PREFIX_HEADER = NO;
				GCC_PREFIX_HEADER = ABall/Prefix.pch;
				HEADER_SEARCH_PATHS = (
					"$(inherited)",
					/Applications/Xcode.app/Contents/Developer/Toolchains/XcodeDefault.xctoolchain/usr/include,
				);
				INFOPLIST_FILE = ABall/Info.plist;
				IPHONEOS_DEPLOYMENT_TARGET = 8.0;
				LD_RUNPATH_SEARCH_PATHS = "$(inherited) @executable_path/Frameworks";
				LIBRARY_SEARCH_PATHS = "";
				OTHER_LDFLAGS = "-ObjC";
				PRODUCT_NAME = "$(TARGET_NAME)";
				PROVISIONING_PROFILE = "";
				USER_HEADER_SEARCH_PATHS = "\"${SRCROOT}/Shared3rd\"/** \"${SRCROOT}/Shared\"/** \"../libOpen/libOpen\"";
			};
			name = Debug;
		};
		4ADF90F31A8B02B30074B478 /* Release */ = {
			isa = XCBuildConfiguration;
			buildSettings = {
				ASSETCATALOG_COMPILER_APPICON_NAME = AppIcon;
				CODE_SIGN_IDENTITY = "iPhone Developer: Yunfei Tao (QQ89P4EVX2)";
				"CODE_SIGN_IDENTITY[sdk=iphoneos*]" = "iPhone Developer: Yunfei Tao (QQ89P4EVX2)";
				GCC_PRECOMPILE_PREFIX_HEADER = NO;
				GCC_PREFIX_HEADER = ABall/Prefix.pch;
				HEADER_SEARCH_PATHS = (
					"$(inherited)",
					/Applications/Xcode.app/Contents/Developer/Toolchains/XcodeDefault.xctoolchain/usr/include,
				);
				INFOPLIST_FILE = ABall/Info.plist;
				IPHONEOS_DEPLOYMENT_TARGET = 8.0;
				LD_RUNPATH_SEARCH_PATHS = "$(inherited) @executable_path/Frameworks";
				LIBRARY_SEARCH_PATHS = "";
				OTHER_LDFLAGS = "-ObjC";
				PRODUCT_NAME = "$(TARGET_NAME)";
				PROVISIONING_PROFILE = "";
				USER_HEADER_SEARCH_PATHS = "\"${SRCROOT}/Shared3rd\"/** \"${SRCROOT}/Shared\"/** \"../libOpen/libOpen\"";
			};
			name = Release;
		};
		4ADF90F51A8B02B30074B478 /* Debug */ = {
			isa = XCBuildConfiguration;
			buildSettings = {
				BUNDLE_LOADER = "$(TEST_HOST)";
				FRAMEWORK_SEARCH_PATHS = (
					"$(SDKROOT)/Developer/Library/Frameworks",
					"$(inherited)",
				);
				GCC_PREPROCESSOR_DEFINITIONS = (
					"DEBUG=1",
					"$(inherited)",
				);
				INFOPLIST_FILE = ABallTests/Info.plist;
				LD_RUNPATH_SEARCH_PATHS = "$(inherited) @executable_path/Frameworks @loader_path/Frameworks";
				PRODUCT_NAME = "$(TARGET_NAME)";
				TEST_HOST = "$(BUILT_PRODUCTS_DIR)/ABall.app/ABall";
			};
			name = Debug;
		};
		4ADF90F61A8B02B30074B478 /* Release */ = {
			isa = XCBuildConfiguration;
			buildSettings = {
				BUNDLE_LOADER = "$(TEST_HOST)";
				FRAMEWORK_SEARCH_PATHS = (
					"$(SDKROOT)/Developer/Library/Frameworks",
					"$(inherited)",
				);
				INFOPLIST_FILE = ABallTests/Info.plist;
				LD_RUNPATH_SEARCH_PATHS = "$(inherited) @executable_path/Frameworks @loader_path/Frameworks";
				PRODUCT_NAME = "$(TARGET_NAME)";
				TEST_HOST = "$(BUILT_PRODUCTS_DIR)/ABall.app/ABall";
			};
			name = Release;
		};
/* End XCBuildConfiguration section */

/* Begin XCConfigurationList section */
		4ADF90C41A8B02B30074B478 /* Build configuration list for PBXProject "ABall" */ = {
			isa = XCConfigurationList;
			buildConfigurations = (
				4ADF90EF1A8B02B30074B478 /* Debug */,
				4ADF90F01A8B02B30074B478 /* Release */,
			);
			defaultConfigurationIsVisible = 0;
			defaultConfigurationName = Release;
		};
		4ADF90F11A8B02B30074B478 /* Build configuration list for PBXNativeTarget "ABall" */ = {
			isa = XCConfigurationList;
			buildConfigurations = (
				4ADF90F21A8B02B30074B478 /* Debug */,
				4ADF90F31A8B02B30074B478 /* Release */,
			);
			defaultConfigurationIsVisible = 0;
			defaultConfigurationName = Release;
		};
		4ADF90F41A8B02B30074B478 /* Build configuration list for PBXNativeTarget "ABallTests" */ = {
			isa = XCConfigurationList;
			buildConfigurations = (
				4ADF90F51A8B02B30074B478 /* Debug */,
				4ADF90F61A8B02B30074B478 /* Release */,
			);
			defaultConfigurationIsVisible = 0;
			defaultConfigurationName = Release;
		};
/* End XCConfigurationList section */
	};
	rootObject = 4ADF90C11A8B02B30074B478 /* Project object */;
}
